
Microsoft Visual Studio Solution File, Format Version 12.00
# Visual Studio Version 17
VisualStudioVersion = 17.3.32825.248
MinimumVisualStudioVersion = 10.0.40219.1
Project("{9A19103F-16F7-4668-BE54-9A1E7A4F7556}") = "WorldCitiesAPI", "WorldCitiesAPI\WorldCitiesAPI.csproj", "{7C17E2AE-6B62-4110-BE33-AE4F56887E4D}"
EndProject
Project("{54A90642-561A-4BB1-A94E-469ADEE60C69}") = "WorldCities", "WorldCities\WorldCities.esproj", "{70203909-A9FC-48BA-BD1C-CA53A5F24520}"
EndProject
Project("{9A19103F-16F7-4668-BE54-9A1E7A4F7556}") = "HealthCheckAPI", "HealthCheckAPI\HealthCheckAPI.csproj", "{589E27C9-F884-4852-A0B2-33EEC310F3F3}"
EndProject
Project("{54A90642-561A-4BB1-A94E-469ADEE60C69}") = "HealthCheck", "HealthCheck\HealthCheck.esproj", "{A21DF44F-C35A-4337-A205-BC8397755FA9}"
EndProject
Global
	GlobalSection(SolutionConfigurationPlatforms) = preSolution
		Debug|Any CPU = Debug|Any CPU
		Release|Any CPU = Release|Any CPU
	EndGlobalSection
	GlobalSection(ProjectConfigurationPlatforms) = postSolution
		{7C17E2AE-6B62-4110-BE33-AE4F56887E4D}.Debug|Any CPU.ActiveCfg = Debug|Any CPU
		{7C17E2AE-6B62-4110-BE33-AE4F56887E4D}.Debug|Any CPU.Build.0 = Debug|Any CPU
		{7C17E2AE-6B62-4110-BE33-AE4F56887E4D}.Release|Any CPU.ActiveCfg = Release|Any CPU
		{7C17E2AE-6B62-4110-BE33-AE4F56887E4D}.Release|Any CPU.Build.0 = Release|Any CPU
		{70203909-A9FC-48BA-BD1C-CA53A5F24520}.Debug|Any CPU.ActiveCfg = Debug|Any CPU
		{70203909-A9FC-48BA-BD1C-CA53A5F24520}.Debug|Any CPU.Build.0 = Debug|Any CPU
		{70203909-A9FC-48BA-BD1C-CA53A5F24520}.Debug|Any CPU.Deploy.0 = Debug|Any CPU
		{70203909-A9FC-48BA-BD1C-CA53A5F24520}.Release|Any CPU.ActiveCfg = Release|Any CPU
		{70203909-A9FC-48BA-BD1C-CA53A5F24520}.Release|Any CPU.Build.0 = Release|Any CPU
		{70203909-A9FC-48BA-BD1C-CA53A5F24520}.Release|Any CPU.Deploy.0 = Release|Any CPU
		{589E27C9-F884-4852-A0B2-33EEC310F3F3}.Debug|Any CPU.ActiveCfg = Debug|Any CPU
		{589E27C9-F884-4852-A0B2-33EEC310F3F3}.Debug|Any CPU.Build.0 = Debug|Any CPU
		{589E27C9-F884-4852-A0B2-33EEC310F3F3}.Release|Any CPU.ActiveCfg = Release|Any CPU
		{589E27C9-F884-4852-A0B2-33EEC310F3F3}.Release|Any CPU.Build.0 = Release|Any CPU
		{A21DF44F-C35A-4337-A205-BC8397755FA9}.Debug|Any CPU.ActiveCfg = Debug|Any CPU
		{A21DF44F-C35A-4337-A205-BC8397755FA9}.Debug|Any CPU.Build.0 = Debug|Any CPU
		{A21DF44F-C35A-4337-A205-BC8397755FA9}.Debug|Any CPU.Deploy.0 = Debug|Any CPU
		{A21DF44F-C35A-4337-A205-BC8397755FA9}.Release|Any CPU.ActiveCfg = Release|Any CPU
		{A21DF44F-C35A-4337-A205-BC8397755FA9}.Release|Any CPU.Build.0 = Release|Any CPU
		{A21DF44F-C35A-4337-A205-BC8397755FA9}.Release|Any CPU.Deploy.0 = Release|Any CPU
	EndGlobalSection
	GlobalSection(SolutionProperties) = preSolution
		HideSolutionNode = FALSE
	EndGlobalSection
	GlobalSection(ExtensibilityGlobals) = postSolution
		SolutionGuid = {0D0453D5-7865-466F-A57F-446AE1676DBB}
	EndGlobalSection
EndGlobal
